
Microsoft Visual Studio Solution File, Format Version 12.00
# Visual Studio Version 16
VisualStudioVersion = 16.0.29920.165
MinimumVisualStudioVersion = 10.0.40219.1
Project("{8BC9CEB8-8B4A-11D0-8D11-00A0C91BC942}") = "01_SimpileCircle", "01_SimpileCircle\01_SimpileCircle.vcxproj", "{E7AF5D7B-A5E9-4B4A-A3F8-DF7E5B08026C}"
EndProject
Project("{8BC9CEB8-8B4A-11D0-8D11-00A0C91BC942}") = "02_Constructor", "02_Constructor\02_Constructor.vcxproj", "{7B6473E2-CC99-4638-94D4-81CE08D0B17D}"
EndProject
Project("{8BC9CEB8-8B4A-11D0-8D11-00A0C91BC942}") = "03_Destructor", "03_Destructor\03_Destructor.vcxproj", "{6E477F84-3901-4D2D-BD37-EEAD062E81F7}"
EndProject
Project("{8BC9CEB8-8B4A-11D0-8D11-00A0C91BC942}") = "04_Reference", "04_Reference\04_Reference.vcxproj", "{7195E2C1-F2DB-4D8F-B31E-46FC5E8846A6}"
EndProject
Project("{8BC9CEB8-8B4A-11D0-8D11-00A0C91BC942}") = "05_Overload", "05_Overload\05_Overload.vcxproj", "{C39387AC-B3C3-4D5B-B0D5-2BA210EBC42C}"
EndProject
Project("{8BC9CEB8-8B4A-11D0-8D11-00A0C91BC942}") = "06_iostream", "06_iostream\06_iostream.vcxproj", "{F5CAE270-FC00-47B9-A0B6-497F0436D319}"
EndProject
Project("{8BC9CEB8-8B4A-11D0-8D11-00A0C91BC942}") = "07_pointer", "07_pointer\07_pointer.vcxproj", "{05D3BF2A-BCB5-4420-B48B-C13781365CD9}"
EndProject
Project("{8BC9CEB8-8B4A-11D0-8D11-00A0C91BC942}") = "08_Inherit", "08_Inherit\08_Inherit.vcxproj", "{4C37F667-CD97-4417-9D45-C16F3FA75563}"
EndProject
Project("{8BC9CEB8-8B4A-11D0-8D11-00A0C91BC942}") = "09_polymorphism", "09_polymorphism\09_polymorphism.vcxproj", "{A7D22A58-802A-43D7-A2A1-1CF1F867FDCF}"
EndProject
Project("{8BC9CEB8-8B4A-11D0-8D11-00A0C91BC942}") = "homework_01", "homework_01\homework_01.vcxproj", "{0DA2C9F2-34C0-4EAF-BBCC-CFFEEE859228}"
EndProject
Project("{8BC9CEB8-8B4A-11D0-8D11-00A0C91BC942}") = "10_Template", "10_Template\10_Template.vcxproj", "{15B96B1E-5778-4DA5-8476-655709EB0D64}"
EndProject
Project("{8BC9CEB8-8B4A-11D0-8D11-00A0C91BC942}") = "homework_02", "homework_02\homework_02.vcxproj", "{584812CD-9B3A-45F0-82A4-1742FD2FBF22}"
EndProject
Project("{8BC9CEB8-8B4A-11D0-8D11-00A0C91BC942}") = "11_Thread", "11_Thread\11_Thread.vcxproj", "{5DA2284F-0BB2-41DD-B43D-22A44EA01559}"
EndProject
Project("{8BC9CEB8-8B4A-11D0-8D11-00A0C91BC942}") = "12_Thread", "12_Thread\12_Thread.vcxproj", "{1F5519DB-A413-4892-B077-BCA466B8A2E8}"
EndProject
Project("{8BC9CEB8-8B4A-11D0-8D11-00A0C91BC942}") = "13_Thread", "13_Thread\13_Thread.vcxproj", "{C103C7C5-BDBE-429E-AF77-88B65C343A2B}"
EndProject
Project("{8BC9CEB8-8B4A-11D0-8D11-00A0C91BC942}") = "14_Thread", "14_Thread\14_Thread.vcxproj", "{69E3FECC-91E9-46AF-8790-716B680EFC6A}"
EndProject
Project("{8BC9CEB8-8B4A-11D0-8D11-00A0C91BC942}") = "15_files_unicode", "15_files_unicode\15_files_unicode.vcxproj", "{15DBFC18-7DA5-44C7-9703-61E076BC526D}"
EndProject
Project("{8BC9CEB8-8B4A-11D0-8D11-00A0C91BC942}") = "16_Longsang", "16_Longsang\16_Longsang.vcxproj", "{9CEBBB64-62A0-49C3-B6F4-C2954D8C2A95}"
EndProject
Project("{8BC9CEB8-8B4A-11D0-8D11-00A0C91BC942}") = "00_test", "00_test\00_test.vcxproj", "{12FF15E6-14EA-450B-BBE1-E9D9D3BFF392}"
EndProject
Global
	GlobalSection(SolutionConfigurationPlatforms) = preSolution
		Debug|x64 = Debug|x64
		Debug|x86 = Debug|x86
		Release|x64 = Release|x64
		Release|x86 = Release|x86
	EndGlobalSection
	GlobalSection(ProjectConfigurationPlatforms) = postSolution
		{E7AF5D7B-A5E9-4B4A-A3F8-DF7E5B08026C}.Debug|x64.ActiveCfg = Debug|x64
		{E7AF5D7B-A5E9-4B4A-A3F8-DF7E5B08026C}.Debug|x64.Build.0 = Debug|x64
		{E7AF5D7B-A5E9-4B4A-A3F8-DF7E5B08026C}.Debug|x86.ActiveCfg = Debug|Win32
		{E7AF5D7B-A5E9-4B4A-A3F8-DF7E5B08026C}.Debug|x86.Build.0 = Debug|Win32
		{E7AF5D7B-A5E9-4B4A-A3F8-DF7E5B08026C}.Release|x64.ActiveCfg = Release|x64
		{E7AF5D7B-A5E9-4B4A-A3F8-DF7E5B08026C}.Release|x64.Build.0 = Release|x64
		{E7AF5D7B-A5E9-4B4A-A3F8-DF7E5B08026C}.Release|x86.ActiveCfg = Release|Win32
		{E7AF5D7B-A5E9-4B4A-A3F8-DF7E5B08026C}.Release|x86.Build.0 = Release|Win32
		{7B6473E2-CC99-4638-94D4-81CE08D0B17D}.Debug|x64.ActiveCfg = Debug|x64
		{7B6473E2-CC99-4638-94D4-81CE08D0B17D}.Debug|x64.Build.0 = Debug|x64
		{7B6473E2-CC99-4638-94D4-81CE08D0B17D}.Debug|x86.ActiveCfg = Debug|Win32
		{7B6473E2-CC99-4638-94D4-81CE08D0B17D}.Debug|x86.Build.0 = Debug|Win32
		{7B6473E2-CC99-4638-94D4-81CE08D0B17D}.Release|x64.ActiveCfg = Release|x64
		{7B6473E2-CC99-4638-94D4-81CE08D0B17D}.Release|x64.Build.0 = Release|x64
		{7B6473E2-CC99-4638-94D4-81CE08D0B17D}.Release|x86.ActiveCfg = Release|Win32
		{7B6473E2-CC99-4638-94D4-81CE08D0B17D}.Release|x86.Build.0 = Release|Win32
		{6E477F84-3901-4D2D-BD37-EEAD062E81F7}.Debug|x64.ActiveCfg = Debug|x64
		{6E477F84-3901-4D2D-BD37-EEAD062E81F7}.Debug|x64.Build.0 = Debug|x64
		{6E477F84-3901-4D2D-BD37-EEAD062E81F7}.Debug|x86.ActiveCfg = Debug|Win32
		{6E477F84-3901-4D2D-BD37-EEAD062E81F7}.Debug|x86.Build.0 = Debug|Win32
		{6E477F84-3901-4D2D-BD37-EEAD062E81F7}.Release|x64.ActiveCfg = Release|x64
		{6E477F84-3901-4D2D-BD37-EEAD062E81F7}.Release|x64.Build.0 = Release|x64
		{6E477F84-3901-4D2D-BD37-EEAD062E81F7}.Release|x86.ActiveCfg = Release|Win32
		{6E477F84-3901-4D2D-BD37-EEAD062E81F7}.Release|x86.Build.0 = Release|Win32
		{7195E2C1-F2DB-4D8F-B31E-46FC5E8846A6}.Debug|x64.ActiveCfg = Debug|x64
		{7195E2C1-F2DB-4D8F-B31E-46FC5E8846A6}.Debug|x64.Build.0 = Debug|x64
		{7195E2C1-F2DB-4D8F-B31E-46FC5E8846A6}.Debug|x86.ActiveCfg = Debug|Win32
		{7195E2C1-F2DB-4D8F-B31E-46FC5E8846A6}.Debug|x86.Build.0 = Debug|Win32
		{7195E2C1-F2DB-4D8F-B31E-46FC5E8846A6}.Release|x64.ActiveCfg = Release|x64
		{7195E2C1-F2DB-4D8F-B31E-46FC5E8846A6}.Release|x64.Build.0 = Release|x64
		{7195E2C1-F2DB-4D8F-B31E-46FC5E8846A6}.Release|x86.ActiveCfg = Release|Win32
		{7195E2C1-F2DB-4D8F-B31E-46FC5E8846A6}.Release|x86.Build.0 = Release|Win32
		{C39387AC-B3C3-4D5B-B0D5-2BA210EBC42C}.Debug|x64.ActiveCfg = Debug|x64
		{C39387AC-B3C3-4D5B-B0D5-2BA210EBC42C}.Debug|x64.Build.0 = Debug|x64
		{C39387AC-B3C3-4D5B-B0D5-2BA210EBC42C}.Debug|x86.ActiveCfg = Debug|Win32
		{C39387AC-B3C3-4D5B-B0D5-2BA210EBC42C}.Debug|x86.Build.0 = Debug|Win32
		{C39387AC-B3C3-4D5B-B0D5-2BA210EBC42C}.Release|x64.ActiveCfg = Release|x64
		{C39387AC-B3C3-4D5B-B0D5-2BA210EBC42C}.Release|x64.Build.0 = Release|x64
		{C39387AC-B3C3-4D5B-B0D5-2BA210EBC42C}.Release|x86.ActiveCfg = Release|Win32
		{C39387AC-B3C3-4D5B-B0D5-2BA210EBC42C}.Release|x86.Build.0 = Release|Win32
		{F5CAE270-FC00-47B9-A0B6-497F0436D319}.Debug|x64.ActiveCfg = Debug|x64
		{F5CAE270-FC00-47B9-A0B6-497F0436D319}.Debug|x64.Build.0 = Debug|x64
		{F5CAE270-FC00-47B9-A0B6-497F0436D319}.Debug|x86.ActiveCfg = Debug|Win32
		{F5CAE270-FC00-47B9-A0B6-497F0436D319}.Debug|x86.Build.0 = Debug|Win32
		{F5CAE270-FC00-47B9-A0B6-497F0436D319}.Release|x64.ActiveCfg = Release|x64
		{F5CAE270-FC00-47B9-A0B6-497F0436D319}.Release|x64.Build.0 = Release|x64
		{F5CAE270-FC00-47B9-A0B6-497F0436D319}.Release|x86.ActiveCfg = Release|Win32
		{F5CAE270-FC00-47B9-A0B6-497F0436D319}.Release|x86.Build.0 = Release|Win32
		{05D3BF2A-BCB5-4420-B48B-C13781365CD9}.Debug|x64.ActiveCfg = Debug|x64
		{05D3BF2A-BCB5-4420-B48B-C13781365CD9}.Debug|x64.Build.0 = Debug|x64
		{05D3BF2A-BCB5-4420-B48B-C13781365CD9}.Debug|x86.ActiveCfg = Debug|Win32
		{05D3BF2A-BCB5-4420-B48B-C13781365CD9}.Debug|x86.Build.0 = Debug|Win32
		{05D3BF2A-BCB5-4420-B48B-C13781365CD9}.Release|x64.ActiveCfg = Release|x64
		{05D3BF2A-BCB5-4420-B48B-C13781365CD9}.Release|x64.Build.0 = Release|x64
		{05D3BF2A-BCB5-4420-B48B-C13781365CD9}.Release|x86.ActiveCfg = Release|Win32
		{05D3BF2A-BCB5-4420-B48B-C13781365CD9}.Release|x86.Build.0 = Release|Win32
		{4C37F667-CD97-4417-9D45-C16F3FA75563}.Debug|x64.ActiveCfg = Debug|x64
		{4C37F667-CD97-4417-9D45-C16F3FA75563}.Debug|x64.Build.0 = Debug|x64
		{4C37F667-CD97-4417-9D45-C16F3FA75563}.Debug|x86.ActiveCfg = Debug|Win32
		{4C37F667-CD97-4417-9D45-C16F3FA75563}.Debug|x86.Build.0 = Debug|Win32
		{4C37F667-CD97-4417-9D45-C16F3FA75563}.Release|x64.ActiveCfg = Release|x64
		{4C37F667-CD97-4417-9D45-C16F3FA75563}.Release|x64.Build.0 = Release|x64
		{4C37F667-CD97-4417-9D45-C16F3FA75563}.Release|x86.ActiveCfg = Release|Win32
		{4C37F667-CD97-4417-9D45-C16F3FA75563}.Release|x86.Build.0 = Release|Win32
		{A7D22A58-802A-43D7-A2A1-1CF1F867FDCF}.Debug|x64.ActiveCfg = Debug|x64
		{A7D22A58-802A-43D7-A2A1-1CF1F867FDCF}.Debug|x64.Build.0 = Debug|x64
		{A7D22A58-802A-43D7-A2A1-1CF1F867FDCF}.Debug|x86.ActiveCfg = Debug|Win32
		{A7D22A58-802A-43D7-A2A1-1CF1F867FDCF}.Debug|x86.Build.0 = Debug|Win32
		{A7D22A58-802A-43D7-A2A1-1CF1F867FDCF}.Release|x64.ActiveCfg = Release|x64
		{A7D22A58-802A-43D7-A2A1-1CF1F867FDCF}.Release|x64.Build.0 = Release|x64
		{A7D22A58-802A-43D7-A2A1-1CF1F867FDCF}.Release|x86.ActiveCfg = Release|Win32
		{A7D22A58-802A-43D7-A2A1-1CF1F867FDCF}.Release|x86.Build.0 = Release|Win32
		{0DA2C9F2-34C0-4EAF-BBCC-CFFEEE859228}.Debug|x64.ActiveCfg = Debug|x64
		{0DA2C9F2-34C0-4EAF-BBCC-CFFEEE859228}.Debug|x64.Build.0 = Debug|x64
		{0DA2C9F2-34C0-4EAF-BBCC-CFFEEE859228}.Debug|x86.ActiveCfg = Debug|Win32
		{0DA2C9F2-34C0-4EAF-BBCC-CFFEEE859228}.Debug|x86.Build.0 = Debug|Win32
		{0DA2C9F2-34C0-4EAF-BBCC-CFFEEE859228}.Release|x64.ActiveCfg = Release|x64
		{0DA2C9F2-34C0-4EAF-BBCC-CFFEEE859228}.Release|x64.Build.0 = Release|x64
		{0DA2C9F2-34C0-4EAF-BBCC-CFFEEE859228}.Release|x86.ActiveCfg = Release|Win32
		{0DA2C9F2-34C0-4EAF-BBCC-CFFEEE859228}.Release|x86.Build.0 = Release|Win32
		{15B96B1E-5778-4DA5-8476-655709EB0D64}.Debug|x64.ActiveCfg = Debug|x64
		{15B96B1E-5778-4DA5-8476-655709EB0D64}.Debug|x64.Build.0 = Debug|x64
		{15B96B1E-5778-4DA5-8476-655709EB0D64}.Debug|x86.ActiveCfg = Debug|Win32
		{15B96B1E-5778-4DA5-8476-655709EB0D64}.Debug|x86.Build.0 = Debug|Win32
		{15B96B1E-5778-4DA5-8476-655709EB0D64}.Release|x64.ActiveCfg = Release|x64
		{15B96B1E-5778-4DA5-8476-655709EB0D64}.Release|x64.Build.0 = Release|x64
		{15B96B1E-5778-4DA5-8476-655709EB0D64}.Release|x86.ActiveCfg = Release|Win32
		{15B96B1E-5778-4DA5-8476-655709EB0D64}.Release|x86.Build.0 = Release|Win32
		{584812CD-9B3A-45F0-82A4-1742FD2FBF22}.Debug|x64.ActiveCfg = Debug|x64
		{584812CD-9B3A-45F0-82A4-1742FD2FBF22}.Debug|x64.Build.0 = Debug|x64
		{584812CD-9B3A-45F0-82A4-1742FD2FBF22}.Debug|x86.ActiveCfg = Debug|Win32
		{584812CD-9B3A-45F0-82A4-1742FD2FBF22}.Debug|x86.Build.0 = Debug|Win32
		{584812CD-9B3A-45F0-82A4-1742FD2FBF22}.Release|x64.ActiveCfg = Release|x64
		{584812CD-9B3A-45F0-82A4-1742FD2FBF22}.Release|x64.Build.0 = Release|x64
		{584812CD-9B3A-45F0-82A4-1742FD2FBF22}.Release|x86.ActiveCfg = Release|Win32
		{584812CD-9B3A-45F0-82A4-1742FD2FBF22}.Release|x86.Build.0 = Release|Win32
		{5DA2284F-0BB2-41DD-B43D-22A44EA01559}.Debug|x64.ActiveCfg = Debug|x64
		{5DA2284F-0BB2-41DD-B43D-22A44EA01559}.Debug|x64.Build.0 = Debug|x64
		{5DA2284F-0BB2-41DD-B43D-22A44EA01559}.Debug|x86.ActiveCfg = Debug|Win32
		{5DA2284F-0BB2-41DD-B43D-22A44EA01559}.Debug|x86.Build.0 = Debug|Win32
		{5DA2284F-0BB2-41DD-B43D-22A44EA01559}.Release|x64.ActiveCfg = Release|x64
		{5DA2284F-0BB2-41DD-B43D-22A44EA01559}.Release|x64.Build.0 = Release|x64
		{5DA2284F-0BB2-41DD-B43D-22A44EA01559}.Release|x86.ActiveCfg = Release|Win32
		{5DA2284F-0BB2-41DD-B43D-22A44EA01559}.Release|x86.Build.0 = Release|Win32
		{1F5519DB-A413-4892-B077-BCA466B8A2E8}.Debug|x64.ActiveCfg = Debug|x64
		{1F5519DB-A413-4892-B077-BCA466B8A2E8}.Debug|x64.Build.0 = Debug|x64
		{1F5519DB-A413-4892-B077-BCA466B8A2E8}.Debug|x86.ActiveCfg = Debug|Win32
		{1F5519DB-A413-4892-B077-BCA466B8A2E8}.Debug|x86.Build.0 = Debug|Win32
		{1F5519DB-A413-4892-B077-BCA466B8A2E8}.Release|x64.ActiveCfg = Release|x64
		{1F5519DB-A413-4892-B077-BCA466B8A2E8}.Release|x64.Build.0 = Release|x64
		{1F5519DB-A413-4892-B077-BCA466B8A2E8}.Release|x86.ActiveCfg = Release|Win32
		{1F5519DB-A413-4892-B077-BCA466B8A2E8}.Release|x86.Build.0 = Release|Win32
		{C103C7C5-BDBE-429E-AF77-88B65C343A2B}.Debug|x64.ActiveCfg = Debug|x64
		{C103C7C5-BDBE-429E-AF77-88B65C343A2B}.Debug|x64.Build.0 = Debug|x64
		{C103C7C5-BDBE-429E-AF77-88B65C343A2B}.Debug|x86.ActiveCfg = Debug|Win32
		{C103C7C5-BDBE-429E-AF77-88B65C343A2B}.Debug|x86.Build.0 = Debug|Win32
		{C103C7C5-BDBE-429E-AF77-88B65C343A2B}.Release|x64.ActiveCfg = Release|x64
		{C103C7C5-BDBE-429E-AF77-88B65C343A2B}.Release|x64.Build.0 = Release|x64
		{C103C7C5-BDBE-429E-AF77-88B65C343A2B}.Release|x86.ActiveCfg = Release|Win32
		{C103C7C5-BDBE-429E-AF77-88B65C343A2B}.Release|x86.Build.0 = Release|Win32
		{69E3FECC-91E9-46AF-8790-716B680EFC6A}.Debug|x64.ActiveCfg = Debug|x64
		{69E3FECC-91E9-46AF-8790-716B680EFC6A}.Debug|x64.Build.0 = Debug|x64
		{69E3FECC-91E9-46AF-8790-716B680EFC6A}.Debug|x86.ActiveCfg = Debug|Win32
		{69E3FECC-91E9-46AF-8790-716B680EFC6A}.Debug|x86.Build.0 = Debug|Win32
		{69E3FECC-91E9-46AF-8790-716B680EFC6A}.Release|x64.ActiveCfg = Release|x64
		{69E3FECC-91E9-46AF-8790-716B680EFC6A}.Release|x64.Build.0 = Release|x64
		{69E3FECC-91E9-46AF-8790-716B680EFC6A}.Release|x86.ActiveCfg = Release|Win32
		{69E3FECC-91E9-46AF-8790-716B680EFC6A}.Release|x86.Build.0 = Release|Win32
		{15DBFC18-7DA5-44C7-9703-61E076BC526D}.Debug|x64.ActiveCfg = Debug|x64
		{15DBFC18-7DA5-44C7-9703-61E076BC526D}.Debug|x64.Build.0 = Debug|x64
		{15DBFC18-7DA5-44C7-9703-61E076BC526D}.Debug|x86.ActiveCfg = Debug|Win32
		{15DBFC18-7DA5-44C7-9703-61E076BC526D}.Debug|x86.Build.0 = Debug|Win32
		{15DBFC18-7DA5-44C7-9703-61E076BC526D}.Release|x64.ActiveCfg = Release|x64
		{15DBFC18-7DA5-44C7-9703-61E076BC526D}.Release|x64.Build.0 = Release|x64
		{15DBFC18-7DA5-44C7-9703-61E076BC526D}.Release|x86.ActiveCfg = Release|Win32
		{15DBFC18-7DA5-44C7-9703-61E076BC526D}.Release|x86.Build.0 = Release|Win32
		{9CEBBB64-62A0-49C3-B6F4-C2954D8C2A95}.Debug|x64.ActiveCfg = Debug|x64
		{9CEBBB64-62A0-49C3-B6F4-C2954D8C2A95}.Debug|x64.Build.0 = Debug|x64
		{9CEBBB64-62A0-49C3-B6F4-C2954D8C2A95}.Debug|x86.ActiveCfg = Debug|Win32
		{9CEBBB64-62A0-49C3-B6F4-C2954D8C2A95}.Debug|x86.Build.0 = Debug|Win32
		{9CEBBB64-62A0-49C3-B6F4-C2954D8C2A95}.Release|x64.ActiveCfg = Release|x64
		{9CEBBB64-62A0-49C3-B6F4-C2954D8C2A95}.Release|x64.Build.0 = Release|x64
		{9CEBBB64-62A0-49C3-B6F4-C2954D8C2A95}.Release|x86.ActiveCfg = Release|Win32
		{9CEBBB64-62A0-49C3-B6F4-C2954D8C2A95}.Release|x86.Build.0 = Release|Win32
		{12FF15E6-14EA-450B-BBE1-E9D9D3BFF392}.Debug|x64.ActiveCfg = Debug|x64
		{12FF15E6-14EA-450B-BBE1-E9D9D3BFF392}.Debug|x64.Build.0 = Debug|x64
		{12FF15E6-14EA-450B-BBE1-E9D9D3BFF392}.Debug|x86.ActiveCfg = Debug|Win32
		{12FF15E6-14EA-450B-BBE1-E9D9D3BFF392}.Debug|x86.Build.0 = Debug|Win32
		{12FF15E6-14EA-450B-BBE1-E9D9D3BFF392}.Release|x64.ActiveCfg = Release|x64
		{12FF15E6-14EA-450B-BBE1-E9D9D3BFF392}.Release|x64.Build.0 = Release|x64
		{12FF15E6-14EA-450B-BBE1-E9D9D3BFF392}.Release|x86.ActiveCfg = Release|Win32
		{12FF15E6-14EA-450B-BBE1-E9D9D3BFF392}.Release|x86.Build.0 = Release|Win32
	EndGlobalSection
	GlobalSection(SolutionProperties) = preSolution
		HideSolutionNode = FALSE
	EndGlobalSection
	GlobalSection(ExtensibilityGlobals) = postSolution
		SolutionGuid = {0D1D1912-FDD0-4A65-8A1B-C37AFDE911BB}
	EndGlobalSection
EndGlobal
